// !$*UTF8*$!
{
	archiveVersion = 1;
	classes = {
	};
	objectVersion = 50;
	objects = {

/* Begin PBXBuildFile section */
		8D57E07C2268C95B004D9C16 /* AppDelegate.swift in Sources */ = {isa = PBXBuildFile; fileRef = 8D57E07B2268C95B004D9C16 /* AppDelegate.swift */; };
		8D57E0812268C95B004D9C16 /* Main.storyboard in Resources */ = {isa = PBXBuildFile; fileRef = 8D57E07F2268C95B004D9C16 /* Main.storyboard */; };
		8D57E0842268C95B004D9C16 /* SmartBoy.xcdatamodeld in Sources */ = {isa = PBXBuildFile; fileRef = 8D57E0822268C95B004D9C16 /* SmartBoy.xcdatamodeld */; };
		8D57E0862268C95C004D9C16 /* Assets.xcassets in Resources */ = {isa = PBXBuildFile; fileRef = 8D57E0852268C95C004D9C16 /* Assets.xcassets */; };
		8D57E0892268C95C004D9C16 /* LaunchScreen.storyboard in Resources */ = {isa = PBXBuildFile; fileRef = 8D57E0872268C95C004D9C16 /* LaunchScreen.storyboard */; };
		8D57E0942268C95C004D9C16 /* SmartBoyTests.swift in Sources */ = {isa = PBXBuildFile; fileRef = 8D57E0932268C95C004D9C16 /* SmartBoyTests.swift */; };
		8D57E09F2268C95C004D9C16 /* SmartBoyUITests.swift in Sources */ = {isa = PBXBuildFile; fileRef = 8D57E09E2268C95C004D9C16 /* SmartBoyUITests.swift */; };
		8D57E0AE2268D27A004D9C16 /* LoginViewController.swift in Sources */ = {isa = PBXBuildFile; fileRef = 8D57E0AD2268D27A004D9C16 /* LoginViewController.swift */; };
		8D57E0AF2268D27A004D9C16 /* LoginViewController.swift in Sources */ = {isa = PBXBuildFile; fileRef = 8D57E0AD2268D27A004D9C16 /* LoginViewController.swift */; };
		8D57E0B22268D39D004D9C16 /* SmartBoyViewController.swift in Sources */ = {isa = PBXBuildFile; fileRef = 8D57E0B12268D39D004D9C16 /* SmartBoyViewController.swift */; };
		8D57E0B32268D39D004D9C16 /* SmartBoyViewController.swift in Sources */ = {isa = PBXBuildFile; fileRef = 8D57E0B12268D39D004D9C16 /* SmartBoyViewController.swift */; };
		8D57E0B6226AB980004D9C16 /* SmartBoyFeed.swift in Sources */ = {isa = PBXBuildFile; fileRef = 8D57E0B5226AB980004D9C16 /* SmartBoyFeed.swift */; };
		8D57E0B7226AB980004D9C16 /* SmartBoyFeed.swift in Sources */ = {isa = PBXBuildFile; fileRef = 8D57E0B5226AB980004D9C16 /* SmartBoyFeed.swift */; };
		8D57E0BB226ABBED004D9C16 /* Helpers.swift in Sources */ = {isa = PBXBuildFile; fileRef = 8D57E0BA226ABBED004D9C16 /* Helpers.swift */; };
		8D57E0BC226ABBED004D9C16 /* Helpers.swift in Sources */ = {isa = PBXBuildFile; fileRef = 8D57E0BA226ABBED004D9C16 /* Helpers.swift */; };
		8D57E0BE226AC1F7004D9C16 /* SmartBoyFeedCell.swift in Sources */ = {isa = PBXBuildFile; fileRef = 8D57E0BD226AC1F7004D9C16 /* SmartBoyFeedCell.swift */; };
		8D57E0BF226AC1F7004D9C16 /* SmartBoyFeedCell.swift in Sources */ = {isa = PBXBuildFile; fileRef = 8D57E0BD226AC1F7004D9C16 /* SmartBoyFeedCell.swift */; };
		8D57E0C2226B8DED004D9C16 /* IMG_4522.MOV in Resources */ = {isa = PBXBuildFile; fileRef = 8D57E0C1226B8DED004D9C16 /* IMG_4522.MOV */; };
		8D57E0C3226B8DED004D9C16 /* IMG_4522.MOV in Resources */ = {isa = PBXBuildFile; fileRef = 8D57E0C1226B8DED004D9C16 /* IMG_4522.MOV */; };
		8D57E0C5226BE0A9004D9C16 /* IMG_4526.MOV in Resources */ = {isa = PBXBuildFile; fileRef = 8D57E0C4226BE0A9004D9C16 /* IMG_4526.MOV */; };
		8D57E0C6226BE0A9004D9C16 /* IMG_4526.MOV in Resources */ = {isa = PBXBuildFile; fileRef = 8D57E0C4226BE0A9004D9C16 /* IMG_4526.MOV */; };
		8DFB4736226E1C6C00F6B560 /* ARViewController.swift in Sources */ = {isa = PBXBuildFile; fileRef = 8DFB4735226E1C6C00F6B560 /* ARViewController.swift */; };
		8DFB4737226E1C6C00F6B560 /* ARViewController.swift in Sources */ = {isa = PBXBuildFile; fileRef = 8DFB4735226E1C6C00F6B560 /* ARViewController.swift */; };
		8DFB4739226E1CA400F6B560 /* SmartBoyCameraView.swift in Sources */ = {isa = PBXBuildFile; fileRef = 8DFB4738226E1CA400F6B560 /* SmartBoyCameraView.swift */; };
		8DFB473A226E1CA400F6B560 /* SmartBoyCameraView.swift in Sources */ = {isa = PBXBuildFile; fileRef = 8DFB4738226E1CA400F6B560 /* SmartBoyCameraView.swift */; };
/* End PBXBuildFile section */

/* Begin PBXContainerItemProxy section */
		8D57E0902268C95C004D9C16 /* PBXContainerItemProxy */ = {
			isa = PBXContainerItemProxy;
			containerPortal = 8D57E0702268C95B004D9C16 /* Project object */;
			proxyType = 1;
			remoteGlobalIDString = 8D57E0772268C95B004D9C16;
			remoteInfo = SmartBoy;
		};
		8D57E09B2268C95C004D9C16 /* PBXContainerItemProxy */ = {
			isa = PBXContainerItemProxy;
			containerPortal = 8D57E0702268C95B004D9C16 /* Project object */;
			proxyType = 1;
			remoteGlobalIDString = 8D57E0772268C95B004D9C16;
			remoteInfo = SmartBoy;
		};
/* End PBXContainerItemProxy section */

/* Begin PBXFileReference section */
		8D57E0782268C95B004D9C16 /* SmartBoy.app */ = {isa = PBXFileReference; explicitFileType = wrapper.application; includeInIndex = 0; path = SmartBoy.app; sourceTree = BUILT_PRODUCTS_DIR; };
		8D57E07B2268C95B004D9C16 /* AppDelegate.swift */ = {isa = PBXFileReference; lastKnownFileType = sourcecode.swift; path = AppDelegate.swift; sourceTree = "<group>"; };
		8D57E0802268C95B004D9C16 /* Base */ = {isa = PBXFileReference; lastKnownFileType = file.storyboard; name = Base; path = Base.lproj/Main.storyboard; sourceTree = "<group>"; };
		8D57E0832268C95B004D9C16 /* SmartBoy.xcdatamodel */ = {isa = PBXFileReference; lastKnownFileType = wrapper.xcdatamodel; path = SmartBoy.xcdatamodel; sourceTree = "<group>"; };
		8D57E0852268C95C004D9C16 /* Assets.xcassets */ = {isa = PBXFileReference; lastKnownFileType = folder.assetcatalog; path = Assets.xcassets; sourceTree = "<group>"; };
		8D57E0882268C95C004D9C16 /* Base */ = {isa = PBXFileReference; lastKnownFileType = file.storyboard; name = Base; path = Base.lproj/LaunchScreen.storyboard; sourceTree = "<group>"; };
		8D57E08A2268C95C004D9C16 /* Info.plist */ = {isa = PBXFileReference; lastKnownFileType = text.plist.xml; path = Info.plist; sourceTree = "<group>"; };
		8D57E08F2268C95C004D9C16 /* SmartBoyTests.xctest */ = {isa = PBXFileReference; explicitFileType = wrapper.cfbundle; includeInIndex = 0; path = SmartBoyTests.xctest; sourceTree = BUILT_PRODUCTS_DIR; };
		8D57E0932268C95C004D9C16 /* SmartBoyTests.swift */ = {isa = PBXFileReference; lastKnownFileType = sourcecode.swift; path = SmartBoyTests.swift; sourceTree = "<group>"; };
		8D57E0952268C95C004D9C16 /* Info.plist */ = {isa = PBXFileReference; lastKnownFileType = text.plist.xml; path = Info.plist; sourceTree = "<group>"; };
		8D57E09A2268C95C004D9C16 /* SmartBoyUITests.xctest */ = {isa = PBXFileReference; explicitFileType = wrapper.cfbundle; includeInIndex = 0; path = SmartBoyUITests.xctest; sourceTree = BUILT_PRODUCTS_DIR; };
		8D57E09E2268C95C004D9C16 /* SmartBoyUITests.swift */ = {isa = PBXFileReference; lastKnownFileType = sourcecode.swift; path = SmartBoyUITests.swift; sourceTree = "<group>"; };
		8D57E0A02268C95C004D9C16 /* Info.plist */ = {isa = PBXFileReference; lastKnownFileType = text.plist.xml; path = Info.plist; sourceTree = "<group>"; };
		8D57E0AD2268D27A004D9C16 /* LoginViewController.swift */ = {isa = PBXFileReference; lastKnownFileType = sourcecode.swift; path = LoginViewController.swift; sourceTree = "<group>"; };
		8D57E0B12268D39D004D9C16 /* SmartBoyViewController.swift */ = {isa = PBXFileReference; lastKnownFileType = sourcecode.swift; path = SmartBoyViewController.swift; sourceTree = "<group>"; };
		8D57E0B5226AB980004D9C16 /* SmartBoyFeed.swift */ = {isa = PBXFileReference; lastKnownFileType = sourcecode.swift; path = SmartBoyFeed.swift; sourceTree = "<group>"; };
		8D57E0BA226ABBED004D9C16 /* Helpers.swift */ = {isa = PBXFileReference; lastKnownFileType = sourcecode.swift; path = Helpers.swift; sourceTree = "<group>"; };
		8D57E0BD226AC1F7004D9C16 /* SmartBoyFeedCell.swift */ = {isa = PBXFileReference; lastKnownFileType = sourcecode.swift; path = SmartBoyFeedCell.swift; sourceTree = "<group>"; };
		8D57E0C1226B8DED004D9C16 /* IMG_4522.MOV */ = {isa = PBXFileReference; lastKnownFileType = video.quicktime; path = IMG_4522.MOV; sourceTree = "<group>"; };
		8D57E0C4226BE0A9004D9C16 /* IMG_4526.MOV */ = {isa = PBXFileReference; lastKnownFileType = video.quicktime; path = IMG_4526.MOV; sourceTree = "<group>"; };
		8DFB4735226E1C6C00F6B560 /* ARViewController.swift */ = {isa = PBXFileReference; lastKnownFileType = sourcecode.swift; path = ARViewController.swift; sourceTree = "<group>"; };
		8DFB4738226E1CA400F6B560 /* SmartBoyCameraView.swift */ = {isa = PBXFileReference; lastKnownFileType = sourcecode.swift; path = SmartBoyCameraView.swift; sourceTree = "<group>"; };
/* End PBXFileReference section */

/* Begin PBXFrameworksBuildPhase section */
		8D57E0752268C95B004D9C16 /* Frameworks */ = {
			isa = PBXFrameworksBuildPhase;
			buildActionMask = 2147483647;
			files = (
			);
			runOnlyForDeploymentPostprocessing = 0;
		};
		8D57E08C2268C95C004D9C16 /* Frameworks */ = {
			isa = PBXFrameworksBuildPhase;
			buildActionMask = 2147483647;
			files = (
			);
			runOnlyForDeploymentPostprocessing = 0;
		};
		8D57E0972268C95C004D9C16 /* Frameworks */ = {
			isa = PBXFrameworksBuildPhase;
			buildActionMask = 2147483647;
			files = (
			);
			runOnlyForDeploymentPostprocessing = 0;
		};
/* End PBXFrameworksBuildPhase section */

/* Begin PBXGroup section */
		8D57E06F2268C95B004D9C16 = {
			isa = PBXGroup;
			children = (
				8D57E07A2268C95B004D9C16 /* SmartBoy */,
				8D57E0922268C95C004D9C16 /* SmartBoyTests */,
				8D57E09D2268C95C004D9C16 /* SmartBoyUITests */,
				8D57E0792268C95B004D9C16 /* Products */,
			);
			sourceTree = "<group>";
		};
		8D57E0792268C95B004D9C16 /* Products */ = {
			isa = PBXGroup;
			children = (
				8D57E0782268C95B004D9C16 /* SmartBoy.app */,
				8D57E08F2268C95C004D9C16 /* SmartBoyTests.xctest */,
				8D57E09A2268C95C004D9C16 /* SmartBoyUITests.xctest */,
			);
			name = Products;
			sourceTree = "<group>";
		};
		8D57E07A2268C95B004D9C16 /* SmartBoy */ = {
			isa = PBXGroup;
			children = (
				8D57E0C0226B8DCC004D9C16 /* Video files */,
				8D57E0B8226ABBD0004D9C16 /* Extensions */,
				8D57E0B4226AB965004D9C16 /* CollectionViewCells */,
				8D57E0B02268D2F3004D9C16 /* SmartBoyViewController */,
				8D57E0AC2268CCF0004D9C16 /* Login */,
				8D57E07B2268C95B004D9C16 /* AppDelegate.swift */,
				8D57E07F2268C95B004D9C16 /* Main.storyboard */,
				8D57E0852268C95C004D9C16 /* Assets.xcassets */,
				8D57E0872268C95C004D9C16 /* LaunchScreen.storyboard */,
				8D57E08A2268C95C004D9C16 /* Info.plist */,
				8D57E0822268C95B004D9C16 /* SmartBoy.xcdatamodeld */,
			);
			path = SmartBoy;
			sourceTree = "<group>";
		};
		8D57E0922268C95C004D9C16 /* SmartBoyTests */ = {
			isa = PBXGroup;
			children = (
				8D57E0932268C95C004D9C16 /* SmartBoyTests.swift */,
				8D57E0952268C95C004D9C16 /* Info.plist */,
			);
			path = SmartBoyTests;
			sourceTree = "<group>";
		};
		8D57E09D2268C95C004D9C16 /* SmartBoyUITests */ = {
			isa = PBXGroup;
			children = (
				8D57E09E2268C95C004D9C16 /* SmartBoyUITests.swift */,
				8D57E0A02268C95C004D9C16 /* Info.plist */,
			);
			path = SmartBoyUITests;
			sourceTree = "<group>";
		};
		8D57E0AC2268CCF0004D9C16 /* Login */ = {
			isa = PBXGroup;
			children = (
				8D57E0AD2268D27A004D9C16 /* LoginViewController.swift */,
			);
			path = Login;
			sourceTree = "<group>";
		};
		8D57E0B02268D2F3004D9C16 /* SmartBoyViewController */ = {
			isa = PBXGroup;
			children = (
				8DFB473B226E1D6900F6B560 /* Augmented Reality */,
				8DFB4735226E1C6C00F6B560 /* ARViewController.swift */,
				8D57E0B12268D39D004D9C16 /* SmartBoyViewController.swift */,
			);
			path = SmartBoyViewController;
			sourceTree = "<group>";
		};
		8D57E0B4226AB965004D9C16 /* CollectionViewCells */ = {
			isa = PBXGroup;
			children = (
				8D57E0B5226AB980004D9C16 /* SmartBoyFeed.swift */,
				8D57E0BD226AC1F7004D9C16 /* SmartBoyFeedCell.swift */,
				8DFB4738226E1CA400F6B560 /* SmartBoyCameraView.swift */,
			);
			path = CollectionViewCells;
			sourceTree = "<group>";
		};
		8D57E0B8226ABBD0004D9C16 /* Extensions */ = {
			isa = PBXGroup;
			children = (
				8D57E0BA226ABBED004D9C16 /* Helpers.swift */,
			);
			path = Extensions;
			sourceTree = "<group>";
		};
		8D57E0C0226B8DCC004D9C16 /* Video files */ = {
			isa = PBXGroup;
			children = (
				8D57E0C1226B8DED004D9C16 /* IMG_4522.MOV */,
				8D57E0C4226BE0A9004D9C16 /* IMG_4526.MOV */,
			);
			path = "Video files";
			sourceTree = "<group>";
		};
		8DFB473B226E1D6900F6B560 /* Augmented Reality */ = {
			isa = PBXGroup;
			children = (
			);
			path = "Augmented Reality";
			sourceTree = "<group>";
		};
/* End PBXGroup section */

/* Begin PBXNativeTarget section */
		8D57E0772268C95B004D9C16 /* SmartBoy */ = {
			isa = PBXNativeTarget;
			buildConfigurationList = 8D57E0A32268C95C004D9C16 /* Build configuration list for PBXNativeTarget "SmartBoy" */;
			buildPhases = (
				8D57E0742268C95B004D9C16 /* Sources */,
				8D57E0752268C95B004D9C16 /* Frameworks */,
				8D57E0762268C95B004D9C16 /* Resources */,
			);
			buildRules = (
			);
			dependencies = (
			);
			name = SmartBoy;
			productName = SmartBoy;
			productReference = 8D57E0782268C95B004D9C16 /* SmartBoy.app */;
			productType = "com.apple.product-type.application";
		};
		8D57E08E2268C95C004D9C16 /* SmartBoyTests */ = {
			isa = PBXNativeTarget;
			buildConfigurationList = 8D57E0A62268C95C004D9C16 /* Build configuration list for PBXNativeTarget "SmartBoyTests" */;
			buildPhases = (
				8D57E08B2268C95C004D9C16 /* Sources */,
				8D57E08C2268C95C004D9C16 /* Frameworks */,
				8D57E08D2268C95C004D9C16 /* Resources */,
			);
			buildRules = (
			);
			dependencies = (
				8D57E0912268C95C004D9C16 /* PBXTargetDependency */,
			);
			name = SmartBoyTests;
			productName = SmartBoyTests;
			productReference = 8D57E08F2268C95C004D9C16 /* SmartBoyTests.xctest */;
			productType = "com.apple.product-type.bundle.unit-test";
		};
		8D57E0992268C95C004D9C16 /* SmartBoyUITests */ = {
			isa = PBXNativeTarget;
			buildConfigurationList = 8D57E0A92268C95C004D9C16 /* Build configuration list for PBXNativeTarget "SmartBoyUITests" */;
			buildPhases = (
				8D57E0962268C95C004D9C16 /* Sources */,
				8D57E0972268C95C004D9C16 /* Frameworks */,
				8D57E0982268C95C004D9C16 /* Resources */,
			);
			buildRules = (
			);
			dependencies = (
				8D57E09C2268C95C004D9C16 /* PBXTargetDependency */,
			);
			name = SmartBoyUITests;
			productName = SmartBoyUITests;
			productReference = 8D57E09A2268C95C004D9C16 /* SmartBoyUITests.xctest */;
			productType = "com.apple.product-type.bundle.ui-testing";
		};
/* End PBXNativeTarget section */

/* Begin PBXProject section */
		8D57E0702268C95B004D9C16 /* Project object */ = {
			isa = PBXProject;
			attributes = {
				LastSwiftUpdateCheck = 1020;
				LastUpgradeCheck = 1020;
				ORGANIZATIONNAME = "Prasanth pc";
				TargetAttributes = {
					8D57E0772268C95B004D9C16 = {
						CreatedOnToolsVersion = 10.2;
					};
					8D57E08E2268C95C004D9C16 = {
						CreatedOnToolsVersion = 10.2;
						TestTargetID = 8D57E0772268C95B004D9C16;
					};
					8D57E0992268C95C004D9C16 = {
						CreatedOnToolsVersion = 10.2;
						TestTargetID = 8D57E0772268C95B004D9C16;
					};
				};
			};
			buildConfigurationList = 8D57E0732268C95B004D9C16 /* Build configuration list for PBXProject "SmartBoy" */;
			compatibilityVersion = "Xcode 9.3";
			developmentRegion = en;
			hasScannedForEncodings = 0;
			knownRegions = (
				en,
				Base,
			);
			mainGroup = 8D57E06F2268C95B004D9C16;
			productRefGroup = 8D57E0792268C95B004D9C16 /* Products */;
			projectDirPath = "";
			projectRoot = "";
			targets = (
				8D57E0772268C95B004D9C16 /* SmartBoy */,
				8D57E08E2268C95C004D9C16 /* SmartBoyTests */,
				8D57E0992268C95C004D9C16 /* SmartBoyUITests */,
			);
		};
/* End PBXProject section */

/* Begin PBXResourcesBuildPhase section */
		8D57E0762268C95B004D9C16 /* Resources */ = {
			isa = PBXResourcesBuildPhase;
			buildActionMask = 2147483647;
			files = (
				8D57E0892268C95C004D9C16 /* LaunchScreen.storyboard in Resources */,
				8D57E0C2226B8DED004D9C16 /* IMG_4522.MOV in Resources */,
				8D57E0C5226BE0A9004D9C16 /* IMG_4526.MOV in Resources */,
				8D57E0862268C95C004D9C16 /* Assets.xcassets in Resources */,
				8D57E0812268C95B004D9C16 /* Main.storyboard in Resources */,
			);
			runOnlyForDeploymentPostprocessing = 0;
		};
		8D57E08D2268C95C004D9C16 /* Resources */ = {
			isa = PBXResourcesBuildPhase;
			buildActionMask = 2147483647;
			files = (
				8D57E0C3226B8DED004D9C16 /* IMG_4522.MOV in Resources */,
				8D57E0C6226BE0A9004D9C16 /* IMG_4526.MOV in Resources */,
			);
			runOnlyForDeploymentPostprocessing = 0;
		};
		8D57E0982268C95C004D9C16 /* Resources */ = {
			isa = PBXResourcesBuildPhase;
			buildActionMask = 2147483647;
			files = (
			);
			runOnlyForDeploymentPostprocessing = 0;
		};
/* End PBXResourcesBuildPhase section */

/* Begin PBXSourcesBuildPhase section */
		8D57E0742268C95B004D9C16 /* Sources */ = {
			isa = PBXSourcesBuildPhase;
			buildActionMask = 2147483647;
			files = (
				8D57E0AE2268D27A004D9C16 /* LoginViewController.swift in Sources */,
				8D57E0BB226ABBED004D9C16 /* Helpers.swift in Sources */,
				8D57E0BE226AC1F7004D9C16 /* SmartBoyFeedCell.swift in Sources */,
				8DFB4739226E1CA400F6B560 /* SmartBoyCameraView.swift in Sources */,
				8DFB4736226E1C6C00F6B560 /* ARViewController.swift in Sources */,
				8D57E0842268C95B004D9C16 /* SmartBoy.xcdatamodeld in Sources */,
				8D57E0B6226AB980004D9C16 /* SmartBoyFeed.swift in Sources */,
				8D57E07C2268C95B004D9C16 /* AppDelegate.swift in Sources */,
				8D57E0B22268D39D004D9C16 /* SmartBoyViewController.swift in Sources */,
			);
			runOnlyForDeploymentPostprocessing = 0;
		};
		8D57E08B2268C95C004D9C16 /* Sources */ = {
			isa = PBXSourcesBuildPhase;
			buildActionMask = 2147483647;
			files = (
				8DFB4737226E1C6C00F6B560 /* ARViewController.swift in Sources */,
				8D57E0BF226AC1F7004D9C16 /* SmartBoyFeedCell.swift in Sources */,
				8D57E0AF2268D27A004D9C16 /* LoginViewController.swift in Sources */,
				8D57E0942268C95C004D9C16 /* SmartBoyTests.swift in Sources */,
				8D57E0B7226AB980004D9C16 /* SmartBoyFeed.swift in Sources */,
				8DFB473A226E1CA400F6B560 /* SmartBoyCameraView.swift in Sources */,
				8D57E0BC226ABBED004D9C16 /* Helpers.swift in Sources */,
				8D57E0B32268D39D004D9C16 /* SmartBoyViewController.swift in Sources */,
			);
			runOnlyForDeploymentPostprocessing = 0;
		};
		8D57E0962268C95C004D9C16 /* Sources */ = {
			isa = PBXSourcesBuildPhase;
			buildActionMask = 2147483647;
			files = (
				8D57E09F2268C95C004D9C16 /* SmartBoyUITests.swift in Sources */,
			);
			runOnlyForDeploymentPostprocessing = 0;
		};
/* End PBXSourcesBuildPhase section */

/* Begin PBXTargetDependency section */
		8D57E0912268C95C004D9C16 /* PBXTargetDependency */ = {
			isa = PBXTargetDependency;
			target = 8D57E0772268C95B004D9C16 /* SmartBoy */;
			targetProxy = 8D57E0902268C95C004D9C16 /* PBXContainerItemProxy */;
		};
		8D57E09C2268C95C004D9C16 /* PBXTargetDependency */ = {
			isa = PBXTargetDependency;
			target = 8D57E0772268C95B004D9C16 /* SmartBoy */;
			targetProxy = 8D57E09B2268C95C004D9C16 /* PBXContainerItemProxy */;
		};
/* End PBXTargetDependency section */

/* Begin PBXVariantGroup section */
		8D57E07F2268C95B004D9C16 /* Main.storyboard */ = {
			isa = PBXVariantGroup;
			children = (
				8D57E0802268C95B004D9C16 /* Base */,
			);
			name = Main.storyboard;
			sourceTree = "<group>";
		};
		8D57E0872268C95C004D9C16 /* LaunchScreen.storyboard */ = {
			isa = PBXVariantGroup;
			children = (
				8D57E0882268C95C004D9C16 /* Base */,
			);
			name = LaunchScreen.storyboard;
			sourceTree = "<group>";
		};
/* End PBXVariantGroup section */

/* Begin XCBuildConfiguration section */
		8D57E0A12268C95C004D9C16 /* Debug */ = {
			isa = XCBuildConfiguration;
			buildSettings = {
				ALWAYS_SEARCH_USER_PATHS = NO;
				CLANG_ANALYZER_NONNULL = YES;
				CLANG_ANALYZER_NUMBER_OBJECT_CONVERSION = YES_AGGRESSIVE;
				CLANG_CXX_LANGUAGE_STANDARD = "gnu++14";
				CLANG_CXX_LIBRARY = "libc++";
				CLANG_ENABLE_MODULES = YES;
				CLANG_ENABLE_OBJC_ARC = YES;
				CLANG_ENABLE_OBJC_WEAK = YES;
				CLANG_WARN_BLOCK_CAPTURE_AUTORELEASING = YES;
				CLANG_WARN_BOOL_CONVERSION = YES;
				CLANG_WARN_COMMA = YES;
				CLANG_WARN_CONSTANT_CONVERSION = YES;
				CLANG_WARN_DEPRECATED_OBJC_IMPLEMENTATIONS = YES;
				CLANG_WARN_DIRECT_OBJC_ISA_USAGE = YES_ERROR;
				CLANG_WARN_DOCUMENTATION_COMMENTS = YES;
				CLANG_WARN_EMPTY_BODY = YES;
				CLANG_WARN_ENUM_CONVERSION = YES;
				CLANG_WARN_INFINITE_RECURSION = YES;
				CLANG_WARN_INT_CONVERSION = YES;
				CLANG_WARN_NON_LITERAL_NULL_CONVERSION = YES;
				CLANG_WARN_OBJC_IMPLICIT_RETAIN_SELF = YES;
				CLANG_WARN_OBJC_LITERAL_CONVERSION = YES;
				CLANG_WARN_OBJC_ROOT_CLASS = YES_ERROR;
				CLANG_WARN_RANGE_LOOP_ANALYSIS = YES;
				CLANG_WARN_STRICT_PROTOTYPES = YES;
				CLANG_WARN_SUSPICIOUS_MOVE = YES;
				CLANG_WARN_UNGUARDED_AVAILABILITY = YES_AGGRESSIVE;
				CLANG_WARN_UNREACHABLE_CODE = YES;
				CLANG_WARN__DUPLICATE_METHOD_MATCH = YES;
				CODE_SIGN_IDENTITY = "iPhone Developer";
				COPY_PHASE_STRIP = NO;
				DEBUG_INFORMATION_FORMAT = dwarf;
				ENABLE_STRICT_OBJC_MSGSEND = YES;
				ENABLE_TESTABILITY = YES;
				GCC_C_LANGUAGE_STANDARD = gnu11;
				GCC_DYNAMIC_NO_PIC = NO;
				GCC_NO_COMMON_BLOCKS = YES;
				GCC_OPTIMIZATION_LEVEL = 0;
				GCC_PREPROCESSOR_DEFINITIONS = (
					"DEBUG=1",
					"$(inherited)",
				);
				GCC_WARN_64_TO_32_BIT_CONVERSION = YES;
				GCC_WARN_ABOUT_RETURN_TYPE = YES_ERROR;
				GCC_WARN_UNDECLARED_SELECTOR = YES;
				GCC_WARN_UNINITIALIZED_AUTOS = YES_AGGRESSIVE;
				GCC_WARN_UNUSED_FUNCTION = YES;
				GCC_WARN_UNUSED_VARIABLE = YES;
				IPHONEOS_DEPLOYMENT_TARGET = 12.2;
				MTL_ENABLE_DEBUG_INFO = INCLUDE_SOURCE;
				MTL_FAST_MATH = YES;
				ONLY_ACTIVE_ARCH = YES;
				SDKROOT = iphoneos;
				SWIFT_ACTIVE_COMPILATION_CONDITIONS = DEBUG;
				SWIFT_OPTIMIZATION_LEVEL = "-Onone";
			};
			name = Debug;
		};
		8D57E0A22268C95C004D9C16 /* Release */ = {
			isa = XCBuildConfiguration;
			buildSettings = {
				ALWAYS_SEARCH_USER_PATHS = NO;
				CLANG_ANALYZER_NONNULL = YES;
				CLANG_ANALYZER_NUMBER_OBJECT_CONVERSION = YES_AGGRESSIVE;
				CLANG_CXX_LANGUAGE_STANDARD = "gnu++14";
				CLANG_CXX_LIBRARY = "libc++";
				CLANG_ENABLE_MODULES = YES;
				CLANG_ENABLE_OBJC_ARC = YES;
				CLANG_ENABLE_OBJC_WEAK = YES;
				CLANG_WARN_BLOCK_CAPTURE_AUTORELEASING = YES;
				CLANG_WARN_BOOL_CONVERSION = YES;
				CLANG_WARN_COMMA = YES;
				CLANG_WARN_CONSTANT_CONVERSION = YES;
				CLANG_WARN_DEPRECATED_OBJC_IMPLEMENTATIONS = YES;
				CLANG_WARN_DIRECT_OBJC_ISA_USAGE = YES_ERROR;
				CLANG_WARN_DOCUMENTATION_COMMENTS = YES;
				CLANG_WARN_EMPTY_BODY = YES;
				CLANG_WARN_ENUM_CONVERSION = YES;
				CLANG_WARN_INFINITE_RECURSION = YES;
				CLANG_WARN_INT_CONVERSION = YES;
				CLANG_WARN_NON_LITERAL_NULL_CONVERSION = YES;
				CLANG_WARN_OBJC_IMPLICIT_RETAIN_SELF = YES;
				CLANG_WARN_OBJC_LITERAL_CONVERSION = YES;
				CLANG_WARN_OBJC_ROOT_CLASS = YES_ERROR;
				CLANG_WARN_RANGE_LOOP_ANALYSIS = YES;
				CLANG_WARN_STRICT_PROTOTYPES = YES;
				CLANG_WARN_SUSPICIOUS_MOVE = YES;
				CLANG_WARN_UNGUARDED_AVAILABILITY = YES_AGGRESSIVE;
				CLANG_WARN_UNREACHABLE_CODE = YES;
				CLANG_WARN__DUPLICATE_METHOD_MATCH = YES;
				CODE_SIGN_IDENTITY = "iPhone Developer";
				COPY_PHASE_STRIP = NO;
				DEBUG_INFORMATION_FORMAT = "dwarf-with-dsym";
				ENABLE_NS_ASSERTIONS = NO;
				ENABLE_STRICT_OBJC_MSGSEND = YES;
				GCC_C_LANGUAGE_STANDARD = gnu11;
				GCC_NO_COMMON_BLOCKS = YES;
				GCC_WARN_64_TO_32_BIT_CONVERSION = YES;
				GCC_WARN_ABOUT_RETURN_TYPE = YES_ERROR;
				GCC_WARN_UNDECLARED_SELECTOR = YES;
				GCC_WARN_UNINITIALIZED_AUTOS = YES_AGGRESSIVE;
				GCC_WARN_UNUSED_FUNCTION = YES;
				GCC_WARN_UNUSED_VARIABLE = YES;
				IPHONEOS_DEPLOYMENT_TARGET = 12.2;
				MTL_ENABLE_DEBUG_INFO = NO;
				MTL_FAST_MATH = YES;
				SDKROOT = iphoneos;
				SWIFT_COMPILATION_MODE = wholemodule;
				SWIFT_OPTIMIZATION_LEVEL = "-O";
				VALIDATE_PRODUCT = YES;
			};
			name = Release;
		};
		8D57E0A42268C95C004D9C16 /* Debug */ = {
			isa = XCBuildConfiguration;
			buildSettings = {
				ASSETCATALOG_COMPILER_APPICON_NAME = AppIcon;
				CODE_SIGN_STYLE = Automatic;
				DEVELOPMENT_TEAM = 5MQQCUAS3G;
				INFOPLIST_FILE = SmartBoy/Info.plist;
				IPHONEOS_DEPLOYMENT_TARGET = 11.4;
				LD_RUNPATH_SEARCH_PATHS = (
					"$(inherited)",
					"@executable_path/Frameworks",
				);
				PRODUCT_BUNDLE_IDENTIFIER = com.smartBoy.pc.SmartBoy;
				PRODUCT_NAME = "$(TARGET_NAME)";
				SWIFT_VERSION = 5.0;
				TARGETED_DEVICE_FAMILY = "1,2";
			};
			name = Debug;
		};
		8D57E0A52268C95C004D9C16 /* Release */ = {
			isa = XCBuildConfiguration;
			buildSettings = {
				ASSETCATALOG_COMPILER_APPICON_NAME = AppIcon;
				CODE_SIGN_STYLE = Automatic;
				DEVELOPMENT_TEAM = 5MQQCUAS3G;
				INFOPLIST_FILE = SmartBoy/Info.plist;
				IPHONEOS_DEPLOYMENT_TARGET = 11.4;
				LD_RUNPATH_SEARCH_PATHS = (
					"$(inherited)",
					"@executable_path/Frameworks",
				);
				PRODUCT_BUNDLE_IDENTIFIER = com.smartBoy.pc.SmartBoy;
				PRODUCT_NAME = "$(TARGET_NAME)";
				SWIFT_VERSION = 5.0;
				TARGETED_DEVICE_FAMILY = "1,2";
			};
			name = Release;
		};
		8D57E0A72268C95C004D9C16 /* Debug */ = {
			isa = XCBuildConfiguration;
			buildSettings = {
				ALWAYS_EMBED_SWIFT_STANDARD_LIBRARIES = YES;
				BUNDLE_LOADER = "$(TEST_HOST)";
				CODE_SIGN_STYLE = Automatic;
				INFOPLIST_FILE = SmartBoyTests/Info.plist;
				LD_RUNPATH_SEARCH_PATHS = (
					"$(inherited)",
					"@executable_path/Frameworks",
					"@loader_path/Frameworks",
				);
				PRODUCT_BUNDLE_IDENTIFIER = com.smartBoy.pc.SmartBoyTests;
				PRODUCT_NAME = "$(TARGET_NAME)";
				SWIFT_VERSION = 5.0;
				TARGETED_DEVICE_FAMILY = "1,2";
				TEST_HOST = "$(BUILT_PRODUCTS_DIR)/SmartBoy.app/SmartBoy";
			};
			name = Debug;
		};
		8D57E0A82268C95C004D9C16 /* Release */ = {
			isa = XCBuildConfiguration;
			buildSettings = {
				ALWAYS_EMBED_SWIFT_STANDARD_LIBRARIES = YES;
				BUNDLE_LOADER = "$(TEST_HOST)";
				CODE_SIGN_STYLE = Automatic;
				INFOPLIST_FILE = SmartBoyTests/Info.plist;
				LD_RUNPATH_SEARCH_PATHS = (
					"$(inherited)",
					"@executable_path/Frameworks",
					"@loader_path/Frameworks",
				);
				PRODUCT_BUNDLE_IDENTIFIER = com.smartBoy.pc.SmartBoyTests;
				PRODUCT_NAME = "$(TARGET_NAME)";
				SWIFT_VERSION = 5.0;
				TARGETED_DEVICE_FAMILY = "1,2";
				TEST_HOST = "$(BUILT_PRODUCTS_DIR)/SmartBoy.app/SmartBoy";
			};
			name = Release;
		};
		8D57E0AA2268C95C004D9C16 /* Debug */ = {
			isa = XCBuildConfiguration;
			buildSettings = {
				ALWAYS_EMBED_SWIFT_STANDARD_LIBRARIES = YES;
				CODE_SIGN_STYLE = Automatic;
				INFOPLIST_FILE = SmartBoyUITests/Info.plist;
				LD_RUNPATH_SEARCH_PATHS = (
					"$(inherited)",
					"@executable_path/Frameworks",
					"@loader_path/Frameworks",
				);
				PRODUCT_BUNDLE_IDENTIFIER = com.smartBoy.pc.SmartBoyUITests;
				PRODUCT_NAME = "$(TARGET_NAME)";
				SWIFT_VERSION = 5.0;
				TARGETED_DEVICE_FAMILY = "1,2";
				TEST_TARGET_NAME = SmartBoy;
			};
			name = Debug;
		};
		8D57E0AB2268C95C004D9C16 /* Release */ = {
			isa = XCBuildConfiguration;
			buildSettings = {
				ALWAYS_EMBED_SWIFT_STANDARD_LIBRARIES = YES;
				CODE_SIGN_STYLE = Automatic;
				INFOPLIST_FILE = SmartBoyUITests/Info.plist;
				LD_RUNPATH_SEARCH_PATHS = (
					"$(inherited)",
					"@executable_path/Frameworks",
					"@loader_path/Frameworks",
				);
				PRODUCT_BUNDLE_IDENTIFIER = com.smartBoy.pc.SmartBoyUITests;
				PRODUCT_NAME = "$(TARGET_NAME)";
				SWIFT_VERSION = 5.0;
				TARGETED_DEVICE_FAMILY = "1,2";
				TEST_TARGET_NAME = SmartBoy;
			};
			name = Release;
		};
/* End XCBuildConfiguration section */

/* Begin XCConfigurationList section */
		8D57E0732268C95B004D9C16 /* Build configuration list for PBXProject "SmartBoy" */ = {
			isa = XCConfigurationList;
			buildConfigurations = (
				8D57E0A12268C95C004D9C16 /* Debug */,
				8D57E0A22268C95C004D9C16 /* Release */,
			);
			defaultConfigurationIsVisible = 0;
			defaultConfigurationName = Release;
		};
		8D57E0A32268C95C004D9C16 /* Build configuration list for PBXNativeTarget "SmartBoy" */ = {
			isa = XCConfigurationList;
			buildConfigurations = (
				8D57E0A42268C95C004D9C16 /* Debug */,
				8D57E0A52268C95C004D9C16 /* Release */,
			);
			defaultConfigurationIsVisible = 0;
			defaultConfigurationName = Release;
		};
		8D57E0A62268C95C004D9C16 /* Build configuration list for PBXNativeTarget "SmartBoyTests" */ = {
			isa = XCConfigurationList;
			buildConfigurations = (
				8D57E0A72268C95C004D9C16 /* Debug */,
				8D57E0A82268C95C004D9C16 /* Release */,
			);
			defaultConfigurationIsVisible = 0;
			defaultConfigurationName = Release;
		};
		8D57E0A92268C95C004D9C16 /* Build configuration list for PBXNativeTarget "SmartBoyUITests" */ = {
			isa = XCConfigurationList;
			buildConfigurations = (
				8D57E0AA2268C95C004D9C16 /* Debug */,
				8D57E0AB2268C95C004D9C16 /* Release */,
			);
			defaultConfigurationIsVisible = 0;
			defaultConfigurationName = Release;
		};
/* End XCConfigurationList section */

/* Begin XCVersionGroup section */
		8D57E0822268C95B004D9C16 /* SmartBoy.xcdatamodeld */ = {
			isa = XCVersionGroup;
			children = (
				8D57E0832268C95B004D9C16 /* SmartBoy.xcdatamodel */,
			);
			currentVersion = 8D57E0832268C95B004D9C16 /* SmartBoy.xcdatamodel */;
			path = SmartBoy.xcdatamodeld;
			sourceTree = "<group>";
			versionGroupType = wrapper.xcdatamodel;
		};
/* End XCVersionGroup section */
	};
	rootObject = 8D57E0702268C95B004D9C16 /* Project object */;
}
